// !$*UTF8*$!
{
	archiveVersion = 1;
	classes = {
	};
	objectVersion = 48;
	objects = {

/* Begin PBXBuildFile section */
		88667E851F525C5A006455AA /* AppDelegate.swift in Sources */ = {isa = PBXBuildFile; fileRef = 88667E841F525C5A006455AA /* AppDelegate.swift */; };
		88667E871F525C5A006455AA /* ViewController.swift in Sources */ = {isa = PBXBuildFile; fileRef = 88667E861F525C5A006455AA /* ViewController.swift */; };
		88667E8A1F525C5A006455AA /* Main.storyboard in Resources */ = {isa = PBXBuildFile; fileRef = 88667E881F525C5A006455AA /* Main.storyboard */; };
		88667E8C1F525C5A006455AA /* Assets.xcassets in Resources */ = {isa = PBXBuildFile; fileRef = 88667E8B1F525C5A006455AA /* Assets.xcassets */; };
		88667E8F1F525C5A006455AA /* LaunchScreen.storyboard in Resources */ = {isa = PBXBuildFile; fileRef = 88667E8D1F525C5A006455AA /* LaunchScreen.storyboard */; };
/* End PBXBuildFile section */

/* Begin PBXFileReference section */
		88667E811F525C5A006455AA /* SKE's Shopping Cart.app */ = {isa = PBXFileReference; explicitFileType = wrapper.application; includeInIndex = 0; path = "SKE's Shopping Cart.app"; sourceTree = BUILT_PRODUCTS_DIR; };
		88667E841F525C5A006455AA /* AppDelegate.swift */ = {isa = PBXFileReference; lastKnownFileType = sourcecode.swift; path = AppDelegate.swift; sourceTree = "<group>"; };
		88667E861F525C5A006455AA /* ViewController.swift */ = {isa = PBXFileReference; lastKnownFileType = sourcecode.swift; path = ViewController.swift; sourceTree = "<group>"; };
		88667E891F525C5A006455AA /* Base */ = {isa = PBXFileReference; lastKnownFileType = file.storyboard; name = Base; path = Base.lproj/Main.storyboard; sourceTree = "<group>"; };
		88667E8B1F525C5A006455AA /* Assets.xcassets */ = {isa = PBXFileReference; lastKnownFileType = folder.assetcatalog; path = Assets.xcassets; sourceTree = "<group>"; };
		88667E8E1F525C5A006455AA /* Base */ = {isa = PBXFileReference; lastKnownFileType = file.storyboard; name = Base; path = Base.lproj/LaunchScreen.storyboard; sourceTree = "<group>"; };
		88667E901F525C5A006455AA /* Info.plist */ = {isa = PBXFileReference; lastKnownFileType = text.plist.xml; path = Info.plist; sourceTree = "<group>"; };
/* End PBXFileReference section */

/* Begin PBXFrameworksBuildPhase section */
		88667E7E1F525C5A006455AA /* Frameworks */ = {
			isa = PBXFrameworksBuildPhase;
			buildActionMask = 2147483647;
			files = (
			);
			runOnlyForDeploymentPostprocessing = 0;
		};
/* End PBXFrameworksBuildPhase section */

/* Begin PBXGroup section */
		88667E781F525C59006455AA = {
			isa = PBXGroup;
			children = (
				88667E831F525C5A006455AA /* SKE's Shopping Cart */,
				88667E821F525C5A006455AA /* Products */,
			);
			sourceTree = "<group>";
		};
		88667E821F525C5A006455AA /* Products */ = {
			isa = PBXGroup;
			children = (
				88667E811F525C5A006455AA /* SKE's Shopping Cart.app */,
			);
			name = Products;
			sourceTree = "<group>";
		};
		88667E831F525C5A006455AA /* SKE's Shopping Cart */ = {
			isa = PBXGroup;
			children = (
				88667E841F525C5A006455AA /* AppDelegate.swift */,
				88667E861F525C5A006455AA /* ViewController.swift */,
				88667E881F525C5A006455AA /* Main.storyboard */,
				88667E8B1F525C5A006455AA /* Assets.xcassets */,
				88667E8D1F525C5A006455AA /* LaunchScreen.storyboard */,
				88667E901F525C5A006455AA /* Info.plist */,
			);
			path = "SKE's Shopping Cart";
			sourceTree = "<group>";
		};
/* End PBXGroup section */

/* Begin PBXNativeTarget section */
		88667E801F525C5A006455AA /* SKE's Shopping Cart */ = {
			isa = PBXNativeTarget;
			buildConfigurationList = 88667E931F525C5A006455AA /* Build configuration list for PBXNativeTarget "SKE's Shopping Cart" */;
			buildPhases = (
				88667E7D1F525C5A006455AA /* Sources */,
				88667E7E1F525C5A006455AA /* Frameworks */,
				88667E7F1F525C5A006455AA /* Resources */,
			);
			buildRules = (
			);
			dependencies = (
			);
			name = "SKE's Shopping Cart";
			productName = "SKE's Shopping Cart";
			productReference = 88667E811F525C5A006455AA /* SKE's Shopping Cart.app */;
			productType = "com.apple.product-type.application";
		};
/* End PBXNativeTarget section */

/* Begin PBXProject section */
		88667E791F525C59006455AA /* Project object */ = {
			isa = PBXProject;
			attributes = {
				LastSwiftUpdateCheck = 0900;
				LastUpgradeCheck = 0900;
				ORGANIZATIONNAME = Appybuildmore;
				TargetAttributes = {
					88667E801F525C5A006455AA = {
						CreatedOnToolsVersion = 9.0;
					};
				};
			};
			buildConfigurationList = 88667E7C1F525C59006455AA /* Build configuration list for PBXProject "SKE's Shopping Cart" */;
			compatibilityVersion = "Xcode 8.0";
			developmentRegion = en;
			hasScannedForEncodings = 0;
			knownRegions = (
				en,
				Base,
			);
			mainGroup = 88667E781F525C59006455AA;
			productRefGroup = 88667E821F525C5A006455AA /* Products */;
			projectDirPath = "";
			projectRoot = "";
			targets = (
				88667E801F525C5A006455AA /* SKE's Shopping Cart */,
			);
		};
/* End PBXProject section */

/* Begin PBXResourcesBuildPhase section */
		88667E7F1F525C5A006455AA /* Resources */ = {
			isa = PBXResourcesBuildPhase;
			buildActionMask = 2147483647;
			files = (
				88667E8F1F525C5A006455AA /* LaunchScreen.storyboard in Resources */,
				88667E8C1F525C5A006455AA /* Assets.xcassets in Resources */,
				88667E8A1F525C5A006455AA /* Main.storyboard in Resources */,
			);
			runOnlyForDeploymentPostprocessing = 0;
		};
/* End PBXResourcesBuildPhase section */

/* Begin PBXSourcesBuildPhase section */
		88667E7D1F525C5A006455AA /* Sources */ = {
			isa = PBXSourcesBuildPhase;
			buildActionMask = 2147483647;
			files = (
				88667E871F525C5A006455AA /* ViewController.swift in Sources */,
				88667E851F525C5A006455AA /* AppDelegate.swift in Sources */,
			);
			runOnlyForDeploymentPostprocessing = 0;
		};
/* End PBXSourcesBuildPhase section */

/* Begin PBXVariantGroup section */
		88667E881F525C5A006455AA /* Main.storyboard */ = {
			isa = PBXVariantGroup;
			children = (
				88667E891F525C5A006455AA /* Base */,
			);
			name = Main.storyboard;
			sourceTree = "<group>";
		};
		88667E8D1F525C5A006455AA /* LaunchScreen.storyboard */ = {
			isa = PBXVariantGroup;
			children = (
				88667E8E1F525C5A006455AA /* Base */,
			);
			name = LaunchScreen.storyboard;
			sourceTree = "<group>";
		};
/* End PBXVariantGroup section */

/* Begin XCBuildConfiguration section */
		88667E911F525C5A006455AA /* Debug */ = {
			isa = XCBuildConfiguration;
			buildSettings = {
				ALWAYS_SEARCH_USER_PATHS = NO;
				CLANG_ANALYZER_NONNULL = YES;
				CLANG_ANALYZER_NUMBER_OBJECT_CONVERSION = YES_AGGRESSIVE;
				CLANG_CXX_LANGUAGE_STANDARD = "gnu++14";
				CLANG_CXX_LIBRARY = "libc++";
				CLANG_ENABLE_MODULES = YES;
				CLANG_ENABLE_OBJC_ARC = YES;
				CLANG_WARN_BLOCK_CAPTURE_AUTORELEASING = YES;
				CLANG_WARN_BOOL_CONVERSION = YES;
				CLANG_WARN_COMMA = YES;
				CLANG_WARN_CONSTANT_CONVERSION = YES;
				CLANG_WARN_DIRECT_OBJC_ISA_USAGE = YES_ERROR;
				CLANG_WARN_DOCUMENTATION_COMMENTS = YES;
				CLANG_WARN_EMPTY_BODY = YES;
				CLANG_WARN_ENUM_CONVERSION = YES;
				CLANG_WARN_INFINITE_RECURSION = YES;
				CLANG_WARN_INT_CONVERSION = YES;
				CLANG_WARN_OBJC_ROOT_CLASS = YES_ERROR;
				CLANG_WARN_RANGE_LOOP_ANALYSIS = YES;
				CLANG_WARN_STRICT_PROTOTYPES = YES;
				CLANG_WARN_SUSPICIOUS_MOVE = YES;
				CLANG_WARN_UNGUARDED_AVAILABILITY = YES_AGGRESSIVE;
				CLANG_WARN_UNREACHABLE_CODE = YES;
				CLANG_WARN__DUPLICATE_METHOD_MATCH = YES;
				CODE_SIGN_IDENTITY = "iPhone Developer";
				COPY_PHASE_STRIP = NO;
				DEBUG_INFORMATION_FORMAT = dwarf;
				ENABLE_STRICT_OBJC_MSGSEND = YES;
				ENABLE_TESTABILITY = YES;
				GCC_C_LANGUAGE_STANDARD = gnu11;
				GCC_DYNAMIC_NO_PIC = NO;
				GCC_NO_COMMON_BLOCKS = YES;
				GCC_OPTIMIZATION_LEVEL = 0;
				GCC_PREPROCESSOR_DEFINITIONS = (
					"DEBUG=1",
					"$(inherited)",
				);
				GCC_WARN_64_TO_32_BIT_CONVERSION = YES;
				GCC_WARN_ABOUT_RETURN_TYPE = YES_ERROR;
				GCC_WARN_UNDECLARED_SELECTOR = YES;
				GCC_WARN_UNINITIALIZED_AUTOS = YES_AGGRESSIVE;
				GCC_WARN_UNUSED_FUNCTION = YES;
				GCC_WARN_UNUSED_VARIABLE = YES;
				IPHONEOS_DEPLOYMENT_TARGET = 11.0;
				MTL_ENABLE_DEBUG_INFO = YES;
				ONLY_ACTIVE_ARCH = YES;
				SDKROOT = iphoneos;
				SWIFT_ACTIVE_COMPILATION_CONDITIONS = DEBUG;
				SWIFT_OPTIMIZATION_LEVEL = "-Onone";
			};
			name = Debug;
		};
		88667E921F525C5A006455AA /* Release */ = {
			isa = XCBuildConfiguration;
			buildSettings = {
				ALWAYS_SEARCH_USER_PATHS = NO;
				CLANG_ANALYZER_NONNULL = YES;
				CLANG_ANALYZER_NUMBER_OBJECT_CONVERSION = YES_AGGRESSIVE;
				CLANG_CXX_LANGUAGE_STANDARD = "gnu++14";
				CLANG_CXX_LIBRARY = "libc++";
				CLANG_ENABLE_MODULES = YES;
				CLANG_ENABLE_OBJC_ARC = YES;
				CLANG_WARN_BLOCK_CAPTURE_AUTORELEASING = YES;
				CLANG_WARN_BOOL_CONVERSION = YES;
				CLANG_WARN_COMMA = YES;
				CLANG_WARN_CONSTANT_CONVERSION = YES;
				CLANG_WARN_DIRECT_OBJC_ISA_USAGE = YES_ERROR;
				CLANG_WARN_DOCUMENTATION_COMMENTS = YES;
				CLANG_WARN_EMPTY_BODY = YES;
				CLANG_WARN_ENUM_CONVERSION = YES;
				CLANG_WARN_INFINITE_RECURSION = YES;
				CLANG_WARN_INT_CONVERSION = YES;
				CLANG_WARN_OBJC_ROOT_CLASS = YES_ERROR;
				CLANG_WARN_RANGE_LOOP_ANALYSIS = YES;
				CLANG_WARN_STRICT_PROTOTYPES = YES;
				CLANG_WARN_SUSPICIOUS_MOVE = YES;
				CLANG_WARN_UNGUARDED_AVAILABILITY = YES_AGGRESSIVE;
				CLANG_WARN_UNREACHABLE_CODE = YES;
				CLANG_WARN__DUPLICATE_METHOD_MATCH = YES;
				CODE_SIGN_IDENTITY = "iPhone Developer";
				COPY_PHASE_STRIP = NO;
				DEBUG_INFORMATION_FORMAT = "dwarf-with-dsym";
				ENABLE_NS_ASSERTIONS = NO;
				ENABLE_STRICT_OBJC_MSGSEND = YES;
				GCC_C_LANGUAGE_STANDARD = gnu11;
				GCC_NO_COMMON_BLOCKS = YES;
				GCC_WARN_64_TO_32_BIT_CONVERSION = YES;
				GCC_WARN_ABOUT_RETURN_TYPE = YES_ERROR;
				GCC_WARN_UNDECLARED_SELECTOR = YES;
				GCC_WARN_UNINITIALIZED_AUTOS = YES_AGGRESSIVE;
				GCC_WARN_UNUSED_FUNCTION = YES;
				GCC_WARN_UNUSED_VARIABLE = YES;
				IPHONEOS_DEPLOYMENT_TARGET = 11.0;
				MTL_ENABLE_DEBUG_INFO = NO;
				SDKROOT = iphoneos;
				SWIFT_OPTIMIZATION_LEVEL = "-Owholemodule";
				VALIDATE_PRODUCT = YES;
			};
			name = Release;
		};
		88667E941F525C5A006455AA /* Debug */ = {
			isa = XCBuildConfiguration;
			buildSettings = {
				ASSETCATALOG_COMPILER_APPICON_NAME = AppIcon;
				DEVELOPMENT_TEAM = YRMU5C8C32;
				INFOPLIST_FILE = "SKE's Shopping Cart/Info.plist";
				LD_RUNPATH_SEARCH_PATHS = "$(inherited) @executable_path/Frameworks";
				PRODUCT_BUNDLE_IDENTIFIER = "com.appybuildmore.SKE-s-Shopping-Cart";
				PRODUCT_NAME = "$(TARGET_NAME)";
				SWIFT_VERSION = 4.0;
				TARGETED_DEVICE_FAMILY = "1,2";
			};
			name = Debug;
		};
		88667E951F525C5A006455AA /* Release */ = {
			isa = XCBuildConfiguration;
			buildSettings = {
				ASSETCATALOG_COMPILER_APPICON_NAME = AppIcon;
				DEVELOPMENT_TEAM = YRMU5C8C32;
				INFOPLIST_FILE = "SKE's Shopping Cart/Info.plist";
				LD_RUNPATH_SEARCH_PATHS = "$(inherited) @executable_path/Frameworks";
				PRODUCT_BUNDLE_IDENTIFIER = "com.appybuildmore.SKE-s-Shopping-Cart";
				PRODUCT_NAME = "$(TARGET_NAME)";
				SWIFT_VERSION = 4.0;
				TARGETED_DEVICE_FAMILY = "1,2";
			};
			name = Release;
		};
/* End XCBuildConfiguration section */

/* Begin XCConfigurationList section */
		88667E7C1F525C59006455AA /* Build configuration list for PBXProject "SKE's Shopping Cart" */ = {
			isa = XCConfigurationList;
			buildConfigurations = (
				88667E911F525C5A006455AA /* Debug */,
				88667E921F525C5A006455AA /* Release */,
			);
			defaultConfigurationIsVisible = 0;
			defaultConfigurationName = Release;
		};
		88667E931F525C5A006455AA /* Build configuration list for PBXNativeTarget "SKE's Shopping Cart" */ = {
			isa = XCConfigurationList;
			buildConfigurations = (
				88667E941F525C5A006455AA /* Debug */,
				88667E951F525C5A006455AA /* Release */,
			);
			defaultConfigurationIsVisible = 0;
		};
/* End XCConfigurationList section */
	};
	rootObject = 88667E791F525C59006455AA /* Project object */;
}
